
Microsoft Visual Studio Solution File, Format Version 11.00
# Visual Studio 2010
Project("{2150E333-8FDC-42A3-9474-1A3956D46DE8}") = "Solution Items", "Solution Items", "{7A952D25-3B2A-4A17-93FC-8B3C52513F5E}"
	ProjectSection(SolutionItems) = preProject
		Plasma.proj = Plasma.proj
	EndProjectSection
EndProject
Project("{FAE04EC0-301F-11D3-BF4B-00C04F79EFBC}") = "Plasma.Core", "src\Plasma.Core\Plasma.Core.csproj", "{C10B09AA-98AC-4062-AF32-7E0DB602CCCD}"
EndProject
Project("{FAE04EC0-301F-11D3-BF4B-00C04F79EFBC}") = "Plasma.Sample.Web", "src\web\Plasma.Sample.Web\Plasma.Sample.Web.csproj", "{DB722FC4-660F-4302-B84A-B97C9FCA89D9}"
EndProject
Project("{FAE04EC0-301F-11D3-BF4B-00C04F79EFBC}") = "Plasma.WebDriver", "src\Plasma.WebDriver\Plasma.WebDriver.csproj", "{F514E455-98F9-44CA-8CA2-2FAF21E67591}"
EndProject
Project("{FAE04EC0-301F-11D3-BF4B-00C04F79EFBC}") = "Plasma.Test.Unit", "src\Plasma.Test.Unit\Plasma.Test.Unit.csproj", "{1E42AFED-F6D7-4B3B-9CD0-194C4486D15E}"
EndProject
Project("{FAE04EC0-301F-11D3-BF4B-00C04F79EFBC}") = "Plasma.Sample.Web.Mvc", "src\web\Plasma.Sample.Web.Mvc\Plasma.Sample.Web.Mvc.csproj", "{EFDB142E-4D47-4370-830A-9F964DFD2042}"
EndProject
Project("{FAE04EC0-301F-11D3-BF4B-00C04F79EFBC}") = "Plasma.Test.Functional", "src\Plasma.Test.Functional\Plasma.Test.Functional.csproj", "{30A63F7D-03DA-4DCC-8C36-D2F116741548}"
EndProject
Project("{FAE04EC0-301F-11D3-BF4B-00C04F79EFBC}") = "Plasma.Http", "src\Plasma.Http\Plasma.Http.csproj", "{C6D24739-DDED-4AC3-BA28-03F4DE1699DB}"
EndProject
Global
	GlobalSection(TestCaseManagementSettings) = postSolution
		CategoryFile = Plasma.vsmdi
	EndGlobalSection
	GlobalSection(SolutionConfigurationPlatforms) = preSolution
		Debug|Any CPU = Debug|Any CPU
		Release|Any CPU = Release|Any CPU
	EndGlobalSection
	GlobalSection(ProjectConfigurationPlatforms) = postSolution
		{C10B09AA-98AC-4062-AF32-7E0DB602CCCD}.Debug|Any CPU.ActiveCfg = Debug|Any CPU
		{C10B09AA-98AC-4062-AF32-7E0DB602CCCD}.Debug|Any CPU.Build.0 = Debug|Any CPU
		{C10B09AA-98AC-4062-AF32-7E0DB602CCCD}.Release|Any CPU.ActiveCfg = Release|Any CPU
		{C10B09AA-98AC-4062-AF32-7E0DB602CCCD}.Release|Any CPU.Build.0 = Release|Any CPU
		{DB722FC4-660F-4302-B84A-B97C9FCA89D9}.Debug|Any CPU.ActiveCfg = Debug|Any CPU
		{DB722FC4-660F-4302-B84A-B97C9FCA89D9}.Debug|Any CPU.Build.0 = Debug|Any CPU
		{DB722FC4-660F-4302-B84A-B97C9FCA89D9}.Release|Any CPU.ActiveCfg = Release|Any CPU
		{DB722FC4-660F-4302-B84A-B97C9FCA89D9}.Release|Any CPU.Build.0 = Release|Any CPU
		{F514E455-98F9-44CA-8CA2-2FAF21E67591}.Debug|Any CPU.ActiveCfg = Debug|Any CPU
		{F514E455-98F9-44CA-8CA2-2FAF21E67591}.Debug|Any CPU.Build.0 = Debug|Any CPU
		{F514E455-98F9-44CA-8CA2-2FAF21E67591}.Release|Any CPU.ActiveCfg = Release|Any CPU
		{F514E455-98F9-44CA-8CA2-2FAF21E67591}.Release|Any CPU.Build.0 = Release|Any CPU
		{1E42AFED-F6D7-4B3B-9CD0-194C4486D15E}.Debug|Any CPU.ActiveCfg = Debug|Any CPU
		{1E42AFED-F6D7-4B3B-9CD0-194C4486D15E}.Debug|Any CPU.Build.0 = Debug|Any CPU
		{1E42AFED-F6D7-4B3B-9CD0-194C4486D15E}.Release|Any CPU.ActiveCfg = Release|Any CPU
		{1E42AFED-F6D7-4B3B-9CD0-194C4486D15E}.Release|Any CPU.Build.0 = Release|Any CPU
		{EFDB142E-4D47-4370-830A-9F964DFD2042}.Debug|Any CPU.ActiveCfg = Debug|Any CPU
		{EFDB142E-4D47-4370-830A-9F964DFD2042}.Debug|Any CPU.Build.0 = Debug|Any CPU
		{EFDB142E-4D47-4370-830A-9F964DFD2042}.Release|Any CPU.ActiveCfg = Release|Any CPU
		{EFDB142E-4D47-4370-830A-9F964DFD2042}.Release|Any CPU.Build.0 = Release|Any CPU
		{30A63F7D-03DA-4DCC-8C36-D2F116741548}.Debug|Any CPU.ActiveCfg = Debug|Any CPU
		{30A63F7D-03DA-4DCC-8C36-D2F116741548}.Debug|Any CPU.Build.0 = Debug|Any CPU
		{30A63F7D-03DA-4DCC-8C36-D2F116741548}.Release|Any CPU.ActiveCfg = Release|Any CPU
		{30A63F7D-03DA-4DCC-8C36-D2F116741548}.Release|Any CPU.Build.0 = Release|Any CPU
		{C6D24739-DDED-4AC3-BA28-03F4DE1699DB}.Debug|Any CPU.ActiveCfg = Debug|Any CPU
		{C6D24739-DDED-4AC3-BA28-03F4DE1699DB}.Debug|Any CPU.Build.0 = Debug|Any CPU
		{C6D24739-DDED-4AC3-BA28-03F4DE1699DB}.Release|Any CPU.ActiveCfg = Release|Any CPU
		{C6D24739-DDED-4AC3-BA28-03F4DE1699DB}.Release|Any CPU.Build.0 = Release|Any CPU
	EndGlobalSection
	GlobalSection(SolutionProperties) = preSolution
		HideSolutionNode = FALSE
	EndGlobalSection
EndGlobal
