
Microsoft Visual Studio Solution File, Format Version 11.00
# Visual Studio 2010
Project("{FAE04EC0-301F-11D3-BF4B-00C04F79EFBC}") = "Plasma.Core", "Libraries\Plasma.Core\Plasma.Core.csproj", "{C10B09AA-98AC-4062-AF32-7E0DB602CCCD}"
EndProject
Project("{E24C65DC-7377-472B-9ABA-BC803B73C61A}") = "PlasmaSampleCS", "Websites\PlasmaSampleCS", "{B0283CD0-2FA4-4E4E-8784-5A07953E5D6C}"
	ProjectSection(WebsiteProperties) = preProject
		TargetFrameworkMoniker = ".NETFramework,Version%3Dv3.5"
		Debug.AspNetCompiler.VirtualPath = "/PlasmaSampleCS"
		Debug.AspNetCompiler.PhysicalPath = "Websites\PlasmaSampleCS\"
		Debug.AspNetCompiler.TargetPath = "PrecompiledWeb\PlasmaSampleCS\"
		Debug.AspNetCompiler.Updateable = "true"
		Debug.AspNetCompiler.ForceOverwrite = "true"
		Debug.AspNetCompiler.FixedNames = "false"
		Debug.AspNetCompiler.Debug = "True"
		Release.AspNetCompiler.VirtualPath = "/PlasmaSampleCS"
		Release.AspNetCompiler.PhysicalPath = "Websites\PlasmaSampleCS\"
		Release.AspNetCompiler.TargetPath = "PrecompiledWeb\PlasmaSampleCS\"
		Release.AspNetCompiler.Updateable = "true"
		Release.AspNetCompiler.ForceOverwrite = "true"
		Release.AspNetCompiler.FixedNames = "false"
		Release.AspNetCompiler.Debug = "False"
		VWDPort = "54179"
	EndProjectSection
EndProject
Global
	GlobalSection(SolutionConfigurationPlatforms) = preSolution
		Debug|Any CPU = Debug|Any CPU
		Release|Any CPU = Release|Any CPU
	EndGlobalSection
	GlobalSection(ProjectConfigurationPlatforms) = postSolution
		{C10B09AA-98AC-4062-AF32-7E0DB602CCCD}.Debug|Any CPU.ActiveCfg = Debug|Any CPU
		{C10B09AA-98AC-4062-AF32-7E0DB602CCCD}.Debug|Any CPU.Build.0 = Debug|Any CPU
		{C10B09AA-98AC-4062-AF32-7E0DB602CCCD}.Release|Any CPU.ActiveCfg = Release|Any CPU
		{C10B09AA-98AC-4062-AF32-7E0DB602CCCD}.Release|Any CPU.Build.0 = Release|Any CPU
		{B0283CD0-2FA4-4E4E-8784-5A07953E5D6C}.Debug|Any CPU.ActiveCfg = Debug|Any CPU
		{B0283CD0-2FA4-4E4E-8784-5A07953E5D6C}.Debug|Any CPU.Build.0 = Debug|Any CPU
		{B0283CD0-2FA4-4E4E-8784-5A07953E5D6C}.Release|Any CPU.ActiveCfg = Debug|Any CPU
		{B0283CD0-2FA4-4E4E-8784-5A07953E5D6C}.Release|Any CPU.Build.0 = Debug|Any CPU
	EndGlobalSection
	GlobalSection(SolutionProperties) = preSolution
		HideSolutionNode = FALSE
	EndGlobalSection
EndGlobal
